// !$*UTF8*$!
{
	archiveVersion = 1;
	classes = {
	};
	objectVersion = 46;
	objects = {

/* Begin PBXBuildFile section */
		3F048E8C1B96AED500ADF5D2 /* AppDelegate.swift in Sources */ = {isa = PBXBuildFile; fileRef = 3F048E8B1B96AED500ADF5D2 /* AppDelegate.swift */; };
		3F048E911B96AED500ADF5D2 /* Main.storyboard in Resources */ = {isa = PBXBuildFile; fileRef = 3F048E8F1B96AED500ADF5D2 /* Main.storyboard */; };
		3F048E931B96AED500ADF5D2 /* Assets.xcassets in Resources */ = {isa = PBXBuildFile; fileRef = 3F048E921B96AED500ADF5D2 /* Assets.xcassets */; };
		3F048E961B96AED500ADF5D2 /* LaunchScreen.storyboard in Resources */ = {isa = PBXBuildFile; fileRef = 3F048E941B96AED500ADF5D2 /* LaunchScreen.storyboard */; };
		3F048EA11B96AED500ADF5D2 /* TensorTests.swift in Sources */ = {isa = PBXBuildFile; fileRef = 3F048EA01B96AED500ADF5D2 /* TensorTests.swift */; };
		3F048EAC1B96AED500ADF5D2 /* TensorUITests.swift in Sources */ = {isa = PBXBuildFile; fileRef = 3F048EAB1B96AED500ADF5D2 /* TensorUITests.swift */; };
		3F048EBB1B96B4E400ADF5D2 /* Bolts.framework in Frameworks */ = {isa = PBXBuildFile; fileRef = 3F048EB91B96B4E400ADF5D2 /* Bolts.framework */; };
		3F048EBC1B96B4E400ADF5D2 /* Parse.framework in Frameworks */ = {isa = PBXBuildFile; fileRef = 3F048EBA1B96B4E400ADF5D2 /* Parse.framework */; };
		3F048EBF1B96B61800ADF5D2 /* AudioToolbox.framework in Frameworks */ = {isa = PBXBuildFile; fileRef = 3F048EBE1B96B61800ADF5D2 /* AudioToolbox.framework */; };
		3F048EC11B96B62300ADF5D2 /* SystemConfiguration.framework in Frameworks */ = {isa = PBXBuildFile; fileRef = 3F048EC01B96B62300ADF5D2 /* SystemConfiguration.framework */; };
		3F048EC31B96B63100ADF5D2 /* libstdc++.6.tbd in Frameworks */ = {isa = PBXBuildFile; fileRef = 3F048EC21B96B63100ADF5D2 /* libstdc++.6.tbd */; };
		3F048EC51B96B64000ADF5D2 /* libsqlite3.tbd in Frameworks */ = {isa = PBXBuildFile; fileRef = 3F048EC41B96B64000ADF5D2 /* libsqlite3.tbd */; };
		3F048EC71B96B7CA00ADF5D2 /* PlanTableViewController.swift in Sources */ = {isa = PBXBuildFile; fileRef = 3F048EC61B96B7CA00ADF5D2 /* PlanTableViewController.swift */; };
		3F356AD71BA50D3900277A84 /* TaskDetailViewController.swift in Sources */ = {isa = PBXBuildFile; fileRef = 3F356AD61BA50D3900277A84 /* TaskDetailViewController.swift */; };
		3F4DB2721BDD964700EAEFB9 /* AppSettingsTableViewController.swift in Sources */ = {isa = PBXBuildFile; fileRef = 3F4DB2711BDD964700EAEFB9 /* AppSettingsTableViewController.swift */; };
		3F6A57491BAD127100F6030C /* AuthorizationTokens.plist in Resources */ = {isa = PBXBuildFile; fileRef = 3F6A57481BAD127100F6030C /* AuthorizationTokens.plist */; };
		3F6A574B1BAE2BE800F6030C /* ParseLoginViewController.swift in Sources */ = {isa = PBXBuildFile; fileRef = 3F6A574A1BAE2BE800F6030C /* ParseLoginViewController.swift */; };
		3F6A574F1BB10A1F00F6030C /* LocalParseManager.swift in Sources */ = {isa = PBXBuildFile; fileRef = 3F6A574E1BB10A1F00F6030C /* LocalParseManager.swift */; };
		3FBD6D5A1BC78536002D28F9 /* WorkUnit.swift in Sources */ = {isa = PBXBuildFile; fileRef = 3FBD6D591BC78536002D28F9 /* WorkUnit.swift */; };
		3FBD6D5C1BC8E5A6002D28F9 /* WorkHistoryTableViewController.swift in Sources */ = {isa = PBXBuildFile; fileRef = 3FBD6D5B1BC8E5A6002D28F9 /* WorkHistoryTableViewController.swift */; };
		3FBD6D5E1BC8E603002D28F9 /* WorkUnitTableViewCell.swift in Sources */ = {isa = PBXBuildFile; fileRef = 3FBD6D5D1BC8E603002D28F9 /* WorkUnitTableViewCell.swift */; };
		3FBD6D601BCA1A64002D28F9 /* DoNowViewController.swift in Sources */ = {isa = PBXBuildFile; fileRef = 3FBD6D5F1BCA1A64002D28F9 /* DoNowViewController.swift */; };
		3FBD6D631BCA2816002D28F9 /* HorizontalLineView.swift in Sources */ = {isa = PBXBuildFile; fileRef = 3FBD6D621BCA2816002D28F9 /* HorizontalLineView.swift */; };
		3FC607E11B98017400758842 /* Action.swift in Sources */ = {isa = PBXBuildFile; fileRef = 3FC607E01B98017400758842 /* Action.swift */; };
		3FC607E41B9817C500758842 /* TableViewTaskCell.swift in Sources */ = {isa = PBXBuildFile; fileRef = 3FC607E31B9817C500758842 /* TableViewTaskCell.swift */; };
		3FC607E81B9BA3AB00758842 /* LeavesTableViewController.swift in Sources */ = {isa = PBXBuildFile; fileRef = 3FC607E71B9BA3AB00758842 /* LeavesTableViewController.swift */; };
		3FEE81941BB51FBF00BB5A10 /* Scheduler.swift in Sources */ = {isa = PBXBuildFile; fileRef = 3FEE81931BB51FBF00BB5A10 /* Scheduler.swift */; };
		3FEE81961BB52A3000BB5A10 /* SchedulerTableViewController.swift in Sources */ = {isa = PBXBuildFile; fileRef = 3FEE81951BB52A3000BB5A10 /* SchedulerTableViewController.swift */; };
/* End PBXBuildFile section */

/* Begin PBXContainerItemProxy section */
		3F048E9D1B96AED500ADF5D2 /* PBXContainerItemProxy */ = {
			isa = PBXContainerItemProxy;
			containerPortal = 3F048E801B96AED500ADF5D2 /* Project object */;
			proxyType = 1;
			remoteGlobalIDString = 3F048E871B96AED500ADF5D2;
			remoteInfo = Tensor;
		};
		3F048EA81B96AED500ADF5D2 /* PBXContainerItemProxy */ = {
			isa = PBXContainerItemProxy;
			containerPortal = 3F048E801B96AED500ADF5D2 /* Project object */;
			proxyType = 1;
			remoteGlobalIDString = 3F048E871B96AED500ADF5D2;
			remoteInfo = Tensor;
		};
/* End PBXContainerItemProxy section */

/* Begin PBXFileReference section */
		3F048E881B96AED500ADF5D2 /* Tensor.app */ = {isa = PBXFileReference; explicitFileType = wrapper.application; includeInIndex = 0; path = Tensor.app; sourceTree = BUILT_PRODUCTS_DIR; };
		3F048E8B1B96AED500ADF5D2 /* AppDelegate.swift */ = {isa = PBXFileReference; lastKnownFileType = sourcecode.swift; path = AppDelegate.swift; sourceTree = "<group>"; };
		3F048E901B96AED500ADF5D2 /* Base */ = {isa = PBXFileReference; lastKnownFileType = file.storyboard; name = Base; path = Base.lproj/Main.storyboard; sourceTree = "<group>"; };
		3F048E921B96AED500ADF5D2 /* Assets.xcassets */ = {isa = PBXFileReference; lastKnownFileType = folder.assetcatalog; path = Assets.xcassets; sourceTree = "<group>"; };
		3F048E951B96AED500ADF5D2 /* Base */ = {isa = PBXFileReference; lastKnownFileType = file.storyboard; name = Base; path = Base.lproj/LaunchScreen.storyboard; sourceTree = "<group>"; };
		3F048E971B96AED500ADF5D2 /* Info.plist */ = {isa = PBXFileReference; lastKnownFileType = text.plist.xml; path = Info.plist; sourceTree = "<group>"; };
		3F048E9C1B96AED500ADF5D2 /* TensorTests.xctest */ = {isa = PBXFileReference; explicitFileType = wrapper.cfbundle; includeInIndex = 0; path = TensorTests.xctest; sourceTree = BUILT_PRODUCTS_DIR; };
		3F048EA01B96AED500ADF5D2 /* TensorTests.swift */ = {isa = PBXFileReference; lastKnownFileType = sourcecode.swift; path = TensorTests.swift; sourceTree = "<group>"; };
		3F048EA21B96AED500ADF5D2 /* Info.plist */ = {isa = PBXFileReference; lastKnownFileType = text.plist.xml; path = Info.plist; sourceTree = "<group>"; };
		3F048EA71B96AED500ADF5D2 /* TensorUITests.xctest */ = {isa = PBXFileReference; explicitFileType = wrapper.cfbundle; includeInIndex = 0; path = TensorUITests.xctest; sourceTree = BUILT_PRODUCTS_DIR; };
		3F048EAB1B96AED500ADF5D2 /* TensorUITests.swift */ = {isa = PBXFileReference; lastKnownFileType = sourcecode.swift; path = TensorUITests.swift; sourceTree = "<group>"; };
		3F048EAD1B96AED500ADF5D2 /* Info.plist */ = {isa = PBXFileReference; lastKnownFileType = text.plist.xml; path = Info.plist; sourceTree = "<group>"; };
		3F048EB91B96B4E400ADF5D2 /* Bolts.framework */ = {isa = PBXFileReference; lastKnownFileType = wrapper.framework; name = Bolts.framework; path = Tensor/Bolts.framework; sourceTree = "<group>"; };
		3F048EBA1B96B4E400ADF5D2 /* Parse.framework */ = {isa = PBXFileReference; lastKnownFileType = wrapper.framework; name = Parse.framework; path = Tensor/Parse.framework; sourceTree = "<group>"; };
		3F048EBE1B96B61800ADF5D2 /* AudioToolbox.framework */ = {isa = PBXFileReference; lastKnownFileType = wrapper.framework; name = AudioToolbox.framework; path = System/Library/Frameworks/AudioToolbox.framework; sourceTree = SDKROOT; };
		3F048EC01B96B62300ADF5D2 /* SystemConfiguration.framework */ = {isa = PBXFileReference; lastKnownFileType = wrapper.framework; name = SystemConfiguration.framework; path = System/Library/Frameworks/SystemConfiguration.framework; sourceTree = SDKROOT; };
		3F048EC21B96B63100ADF5D2 /* libstdc++.6.tbd */ = {isa = PBXFileReference; lastKnownFileType = "sourcecode.text-based-dylib-definition"; name = "libstdc++.6.tbd"; path = "usr/lib/libstdc++.6.tbd"; sourceTree = SDKROOT; };
		3F048EC41B96B64000ADF5D2 /* libsqlite3.tbd */ = {isa = PBXFileReference; lastKnownFileType = "sourcecode.text-based-dylib-definition"; name = libsqlite3.tbd; path = usr/lib/libsqlite3.tbd; sourceTree = SDKROOT; };
		3F048EC61B96B7CA00ADF5D2 /* PlanTableViewController.swift */ = {isa = PBXFileReference; fileEncoding = 4; lastKnownFileType = sourcecode.swift; path = PlanTableViewController.swift; sourceTree = "<group>"; };
		3F356AD61BA50D3900277A84 /* TaskDetailViewController.swift */ = {isa = PBXFileReference; fileEncoding = 4; lastKnownFileType = sourcecode.swift; path = TaskDetailViewController.swift; sourceTree = "<group>"; };
		3F4DB2711BDD964700EAEFB9 /* AppSettingsTableViewController.swift */ = {isa = PBXFileReference; fileEncoding = 4; lastKnownFileType = sourcecode.swift; path = AppSettingsTableViewController.swift; sourceTree = "<group>"; };
		3F6A57481BAD127100F6030C /* AuthorizationTokens.plist */ = {isa = PBXFileReference; fileEncoding = 4; lastKnownFileType = text.plist.xml; path = AuthorizationTokens.plist; sourceTree = "<group>"; };
		3F6A574A1BAE2BE800F6030C /* ParseLoginViewController.swift */ = {isa = PBXFileReference; fileEncoding = 4; lastKnownFileType = sourcecode.swift; path = ParseLoginViewController.swift; sourceTree = "<group>"; };
		3F6A574E1BB10A1F00F6030C /* LocalParseManager.swift */ = {isa = PBXFileReference; fileEncoding = 4; lastKnownFileType = sourcecode.swift; path = LocalParseManager.swift; sourceTree = "<group>"; };
		3FBD6D591BC78536002D28F9 /* WorkUnit.swift */ = {isa = PBXFileReference; fileEncoding = 4; lastKnownFileType = sourcecode.swift; path = WorkUnit.swift; sourceTree = "<group>"; };
		3FBD6D5B1BC8E5A6002D28F9 /* WorkHistoryTableViewController.swift */ = {isa = PBXFileReference; fileEncoding = 4; lastKnownFileType = sourcecode.swift; path = WorkHistoryTableViewController.swift; sourceTree = "<group>"; };
		3FBD6D5D1BC8E603002D28F9 /* WorkUnitTableViewCell.swift */ = {isa = PBXFileReference; fileEncoding = 4; lastKnownFileType = sourcecode.swift; path = WorkUnitTableViewCell.swift; sourceTree = "<group>"; };
		3FBD6D5F1BCA1A64002D28F9 /* DoNowViewController.swift */ = {isa = PBXFileReference; fileEncoding = 4; lastKnownFileType = sourcecode.swift; path = DoNowViewController.swift; sourceTree = "<group>"; };
		3FBD6D621BCA2816002D28F9 /* HorizontalLineView.swift */ = {isa = PBXFileReference; fileEncoding = 4; lastKnownFileType = sourcecode.swift; path = HorizontalLineView.swift; sourceTree = "<group>"; };
		3FC607E01B98017400758842 /* Action.swift */ = {isa = PBXFileReference; fileEncoding = 4; lastKnownFileType = sourcecode.swift; path = Action.swift; sourceTree = "<group>"; };
		3FC607E21B98033100758842 /* Tensor-Bridging-Header.h */ = {isa = PBXFileReference; fileEncoding = 4; lastKnownFileType = sourcecode.c.h; path = "Tensor-Bridging-Header.h"; sourceTree = "<group>"; };
		3FC607E31B9817C500758842 /* TableViewTaskCell.swift */ = {isa = PBXFileReference; fileEncoding = 4; lastKnownFileType = sourcecode.swift; path = TableViewTaskCell.swift; sourceTree = "<group>"; };
		3FC607E71B9BA3AB00758842 /* LeavesTableViewController.swift */ = {isa = PBXFileReference; fileEncoding = 4; lastKnownFileType = sourcecode.swift; path = LeavesTableViewController.swift; sourceTree = "<group>"; };
		3FEE81931BB51FBF00BB5A10 /* Scheduler.swift */ = {isa = PBXFileReference; fileEncoding = 4; lastKnownFileType = sourcecode.swift; path = Scheduler.swift; sourceTree = "<group>"; };
		3FEE81951BB52A3000BB5A10 /* SchedulerTableViewController.swift */ = {isa = PBXFileReference; fileEncoding = 4; lastKnownFileType = sourcecode.swift; path = SchedulerTableViewController.swift; sourceTree = "<group>"; };
/* End PBXFileReference section */

/* Begin PBXFrameworksBuildPhase section */
		3F048E851B96AED500ADF5D2 /* Frameworks */ = {
			isa = PBXFrameworksBuildPhase;
			buildActionMask = 2147483647;
			files = (
				3F048EC51B96B64000ADF5D2 /* libsqlite3.tbd in Frameworks */,
				3F048EC31B96B63100ADF5D2 /* libstdc++.6.tbd in Frameworks */,
				3F048EC11B96B62300ADF5D2 /* SystemConfiguration.framework in Frameworks */,
				3F048EBF1B96B61800ADF5D2 /* AudioToolbox.framework in Frameworks */,
				3F048EBC1B96B4E400ADF5D2 /* Parse.framework in Frameworks */,
				3F048EBB1B96B4E400ADF5D2 /* Bolts.framework in Frameworks */,
			);
			runOnlyForDeploymentPostprocessing = 0;
		};
		3F048E991B96AED500ADF5D2 /* Frameworks */ = {
			isa = PBXFrameworksBuildPhase;
			buildActionMask = 2147483647;
			files = (
			);
			runOnlyForDeploymentPostprocessing = 0;
		};
		3F048EA41B96AED500ADF5D2 /* Frameworks */ = {
			isa = PBXFrameworksBuildPhase;
			buildActionMask = 2147483647;
			files = (
			);
			runOnlyForDeploymentPostprocessing = 0;
		};
/* End PBXFrameworksBuildPhase section */

/* Begin PBXGroup section */
		3F048E7F1B96AED500ADF5D2 = {
			isa = PBXGroup;
			children = (
				3F048EBD1B96B50000ADF5D2 /* Frameworks */,
				3F048E8A1B96AED500ADF5D2 /* Tensor */,
				3F048E9F1B96AED500ADF5D2 /* TensorTests */,
				3F048EAA1B96AED500ADF5D2 /* TensorUITests */,
				3F048E891B96AED500ADF5D2 /* Products */,
			);
			sourceTree = "<group>";
		};
		3F048E891B96AED500ADF5D2 /* Products */ = {
			isa = PBXGroup;
			children = (
				3F048E881B96AED500ADF5D2 /* Tensor.app */,
				3F048E9C1B96AED500ADF5D2 /* TensorTests.xctest */,
				3F048EA71B96AED500ADF5D2 /* TensorUITests.xctest */,
			);
			name = Products;
			sourceTree = "<group>";
		};
		3F048E8A1B96AED500ADF5D2 /* Tensor */ = {
			isa = PBXGroup;
			children = (
				3FC607DF1B98015600758842 /* Parse Model */,
				3F048E8B1B96AED500ADF5D2 /* AppDelegate.swift */,
				3F048EC61B96B7CA00ADF5D2 /* PlanTableViewController.swift */,
				3FBD6D5F1BCA1A64002D28F9 /* DoNowViewController.swift */,
				3F356AD61BA50D3900277A84 /* TaskDetailViewController.swift */,
				3FC607E31B9817C500758842 /* TableViewTaskCell.swift */,
				3FBD6D5D1BC8E603002D28F9 /* WorkUnitTableViewCell.swift */,
				3FC607E71B9BA3AB00758842 /* LeavesTableViewController.swift */,
				3FEE81951BB52A3000BB5A10 /* SchedulerTableViewController.swift */,
				3FBD6D5B1BC8E5A6002D28F9 /* WorkHistoryTableViewController.swift */,
				3F6A574A1BAE2BE800F6030C /* ParseLoginViewController.swift */,
				3F4DB2711BDD964700EAEFB9 /* AppSettingsTableViewController.swift */,
				3FBD6D611BCA27CD002D28F9 /* Views */,
				3F048E921B96AED500ADF5D2 /* Assets.xcassets */,
				3FC607E21B98033100758842 /* Tensor-Bridging-Header.h */,
				3F048E941B96AED500ADF5D2 /* LaunchScreen.storyboard */,
				3F048E971B96AED500ADF5D2 /* Info.plist */,
				3F6A57481BAD127100F6030C /* AuthorizationTokens.plist */,
			);
			path = Tensor;
			sourceTree = "<group>";
		};
		3F048E9F1B96AED500ADF5D2 /* TensorTests */ = {
			isa = PBXGroup;
			children = (
				3F048EA01B96AED500ADF5D2 /* TensorTests.swift */,
				3F048EA21B96AED500ADF5D2 /* Info.plist */,
			);
			path = TensorTests;
			sourceTree = "<group>";
		};
		3F048EAA1B96AED500ADF5D2 /* TensorUITests */ = {
			isa = PBXGroup;
			children = (
				3F048EAB1B96AED500ADF5D2 /* TensorUITests.swift */,
				3F048EAD1B96AED500ADF5D2 /* Info.plist */,
			);
			path = TensorUITests;
			sourceTree = "<group>";
		};
		3F048EBD1B96B50000ADF5D2 /* Frameworks */ = {
			isa = PBXGroup;
			children = (
				3F048EC41B96B64000ADF5D2 /* libsqlite3.tbd */,
				3F048EC21B96B63100ADF5D2 /* libstdc++.6.tbd */,
				3F048EC01B96B62300ADF5D2 /* SystemConfiguration.framework */,
				3F048EBE1B96B61800ADF5D2 /* AudioToolbox.framework */,
				3F048EB91B96B4E400ADF5D2 /* Bolts.framework */,
				3F048EBA1B96B4E400ADF5D2 /* Parse.framework */,
			);
			name = Frameworks;
			sourceTree = "<group>";
		};
		3FBD6D611BCA27CD002D28F9 /* Views */ = {
			isa = PBXGroup;
			children = (
				3F048E8F1B96AED500ADF5D2 /* Main.storyboard */,
				3FBD6D621BCA2816002D28F9 /* HorizontalLineView.swift */,
			);
			name = Views;
			sourceTree = "<group>";
		};
		3FC607DF1B98015600758842 /* Parse Model */ = {
			isa = PBXGroup;
			children = (
				3FC607E01B98017400758842 /* Action.swift */,
				3FEE81931BB51FBF00BB5A10 /* Scheduler.swift */,
				3FBD6D591BC78536002D28F9 /* WorkUnit.swift */,
				3F6A574E1BB10A1F00F6030C /* LocalParseManager.swift */,
			);
			name = "Parse Model";
			sourceTree = "<group>";
		};
/* End PBXGroup section */

/* Begin PBXNativeTarget section */
		3F048E871B96AED500ADF5D2 /* Tensor */ = {
			isa = PBXNativeTarget;
			buildConfigurationList = 3F048EB01B96AED500ADF5D2 /* Build configuration list for PBXNativeTarget "Tensor" */;
			buildPhases = (
				3F048E841B96AED500ADF5D2 /* Sources */,
				3F048E851B96AED500ADF5D2 /* Frameworks */,
				3F048E861B96AED500ADF5D2 /* Resources */,
			);
			buildRules = (
			);
			dependencies = (
			);
			name = Tensor;
			productName = Tensor;
			productReference = 3F048E881B96AED500ADF5D2 /* Tensor.app */;
			productType = "com.apple.product-type.application";
		};
		3F048E9B1B96AED500ADF5D2 /* TensorTests */ = {
			isa = PBXNativeTarget;
			buildConfigurationList = 3F048EB31B96AED500ADF5D2 /* Build configuration list for PBXNativeTarget "TensorTests" */;
			buildPhases = (
				3F048E981B96AED500ADF5D2 /* Sources */,
				3F048E991B96AED500ADF5D2 /* Frameworks */,
				3F048E9A1B96AED500ADF5D2 /* Resources */,
			);
			buildRules = (
			);
			dependencies = (
				3F048E9E1B96AED500ADF5D2 /* PBXTargetDependency */,
			);
			name = TensorTests;
			productName = TensorTests;
			productReference = 3F048E9C1B96AED500ADF5D2 /* TensorTests.xctest */;
			productType = "com.apple.product-type.bundle.unit-test";
		};
		3F048EA61B96AED500ADF5D2 /* TensorUITests */ = {
			isa = PBXNativeTarget;
			buildConfigurationList = 3F048EB61B96AED500ADF5D2 /* Build configuration list for PBXNativeTarget "TensorUITests" */;
			buildPhases = (
				3F048EA31B96AED500ADF5D2 /* Sources */,
				3F048EA41B96AED500ADF5D2 /* Frameworks */,
				3F048EA51B96AED500ADF5D2 /* Resources */,
			);
			buildRules = (
			);
			dependencies = (
				3F048EA91B96AED500ADF5D2 /* PBXTargetDependency */,
			);
			name = TensorUITests;
			productName = TensorUITests;
			productReference = 3F048EA71B96AED500ADF5D2 /* TensorUITests.xctest */;
			productType = "com.apple.product-type.bundle.ui-testing";
		};
/* End PBXNativeTarget section */

/* Begin PBXProject section */
		3F048E801B96AED500ADF5D2 /* Project object */ = {
			isa = PBXProject;
			attributes = {
				LastSwiftMigration = 0710;
				LastSwiftUpdateCheck = 0710;
				LastUpgradeCheck = 0700;
				ORGANIZATIONNAME = "Nathan Melehan";
				TargetAttributes = {
					3F048E871B96AED500ADF5D2 = {
						CreatedOnToolsVersion = 7.0;
						DevelopmentTeam = 9R5363WJ5T;
					};
					3F048E9B1B96AED500ADF5D2 = {
						CreatedOnToolsVersion = 7.0;
						DevelopmentTeam = 9R5363WJ5T;
						TestTargetID = 3F048E871B96AED500ADF5D2;
					};
					3F048EA61B96AED500ADF5D2 = {
						CreatedOnToolsVersion = 7.0;
						DevelopmentTeam = 9R5363WJ5T;
						TestTargetID = 3F048E871B96AED500ADF5D2;
					};
				};
			};
			buildConfigurationList = 3F048E831B96AED500ADF5D2 /* Build configuration list for PBXProject "Tensor" */;
			compatibilityVersion = "Xcode 3.2";
			developmentRegion = English;
			hasScannedForEncodings = 0;
			knownRegions = (
				en,
				Base,
			);
			mainGroup = 3F048E7F1B96AED500ADF5D2;
			productRefGroup = 3F048E891B96AED500ADF5D2 /* Products */;
			projectDirPath = "";
			projectRoot = "";
			targets = (
				3F048E871B96AED500ADF5D2 /* Tensor */,
				3F048E9B1B96AED500ADF5D2 /* TensorTests */,
				3F048EA61B96AED500ADF5D2 /* TensorUITests */,
			);
		};
/* End PBXProject section */

/* Begin PBXResourcesBuildPhase section */
		3F048E861B96AED500ADF5D2 /* Resources */ = {
			isa = PBXResourcesBuildPhase;
			buildActionMask = 2147483647;
			files = (
				3F048E961B96AED500ADF5D2 /* LaunchScreen.storyboard in Resources */,
				3F048E931B96AED500ADF5D2 /* Assets.xcassets in Resources */,
				3F6A57491BAD127100F6030C /* AuthorizationTokens.plist in Resources */,
				3F048E911B96AED500ADF5D2 /* Main.storyboard in Resources */,
			);
			runOnlyForDeploymentPostprocessing = 0;
		};
		3F048E9A1B96AED500ADF5D2 /* Resources */ = {
			isa = PBXResourcesBuildPhase;
			buildActionMask = 2147483647;
			files = (
			);
			runOnlyForDeploymentPostprocessing = 0;
		};
		3F048EA51B96AED500ADF5D2 /* Resources */ = {
			isa = PBXResourcesBuildPhase;
			buildActionMask = 2147483647;
			files = (
			);
			runOnlyForDeploymentPostprocessing = 0;
		};
/* End PBXResourcesBuildPhase section */

/* Begin PBXSourcesBuildPhase section */
		3F048E841B96AED500ADF5D2 /* Sources */ = {
			isa = PBXSourcesBuildPhase;
			buildActionMask = 2147483647;
			files = (
				3FBD6D5A1BC78536002D28F9 /* WorkUnit.swift in Sources */,
				3FEE81941BB51FBF00BB5A10 /* Scheduler.swift in Sources */,
				3F356AD71BA50D3900277A84 /* TaskDetailViewController.swift in Sources */,
				3F048E8C1B96AED500ADF5D2 /* AppDelegate.swift in Sources */,
				3FBD6D601BCA1A64002D28F9 /* DoNowViewController.swift in Sources */,
				3FEE81961BB52A3000BB5A10 /* SchedulerTableViewController.swift in Sources */,
				3FC607E11B98017400758842 /* Action.swift in Sources */,
				3F6A574F1BB10A1F00F6030C /* LocalParseManager.swift in Sources */,
				3F4DB2721BDD964700EAEFB9 /* AppSettingsTableViewController.swift in Sources */,
				3FBD6D631BCA2816002D28F9 /* HorizontalLineView.swift in Sources */,
				3F6A574B1BAE2BE800F6030C /* ParseLoginViewController.swift in Sources */,
				3FC607E81B9BA3AB00758842 /* LeavesTableViewController.swift in Sources */,
				3F048EC71B96B7CA00ADF5D2 /* PlanTableViewController.swift in Sources */,
				3FC607E41B9817C500758842 /* TableViewTaskCell.swift in Sources */,
				3FBD6D5C1BC8E5A6002D28F9 /* WorkHistoryTableViewController.swift in Sources */,
				3FBD6D5E1BC8E603002D28F9 /* WorkUnitTableViewCell.swift in Sources */,
			);
			runOnlyForDeploymentPostprocessing = 0;
		};
		3F048E981B96AED500ADF5D2 /* Sources */ = {
			isa = PBXSourcesBuildPhase;
			buildActionMask = 2147483647;
			files = (
				3F048EA11B96AED500ADF5D2 /* TensorTests.swift in Sources */,
			);
			runOnlyForDeploymentPostprocessing = 0;
		};
		3F048EA31B96AED500ADF5D2 /* Sources */ = {
			isa = PBXSourcesBuildPhase;
			buildActionMask = 2147483647;
			files = (
				3F048EAC1B96AED500ADF5D2 /* TensorUITests.swift in Sources */,
			);
			runOnlyForDeploymentPostprocessing = 0;
		};
/* End PBXSourcesBuildPhase section */

/* Begin PBXTargetDependency section */
		3F048E9E1B96AED500ADF5D2 /* PBXTargetDependency */ = {
			isa = PBXTargetDependency;
			target = 3F048E871B96AED500ADF5D2 /* Tensor */;
			targetProxy = 3F048E9D1B96AED500ADF5D2 /* PBXContainerItemProxy */;
		};
		3F048EA91B96AED500ADF5D2 /* PBXTargetDependency */ = {
			isa = PBXTargetDependency;
			target = 3F048E871B96AED500ADF5D2 /* Tensor */;
			targetProxy = 3F048EA81B96AED500ADF5D2 /* PBXContainerItemProxy */;
		};
/* End PBXTargetDependency section */

/* Begin PBXVariantGroup section */
		3F048E8F1B96AED500ADF5D2 /* Main.storyboard */ = {
			isa = PBXVariantGroup;
			children = (
				3F048E901B96AED500ADF5D2 /* Base */,
			);
			name = Main.storyboard;
			sourceTree = "<group>";
		};
		3F048E941B96AED500ADF5D2 /* LaunchScreen.storyboard */ = {
			isa = PBXVariantGroup;
			children = (
				3F048E951B96AED500ADF5D2 /* Base */,
			);
			name = LaunchScreen.storyboard;
			sourceTree = "<group>";
		};
/* End PBXVariantGroup section */

/* Begin XCBuildConfiguration section */
		3F048EAE1B96AED500ADF5D2 /* Debug */ = {
			isa = XCBuildConfiguration;
			buildSettings = {
				ALWAYS_SEARCH_USER_PATHS = NO;
				CLANG_CXX_LANGUAGE_STANDARD = "gnu++0x";
				CLANG_CXX_LIBRARY = "libc++";
				CLANG_ENABLE_MODULES = YES;
				CLANG_ENABLE_OBJC_ARC = YES;
				CLANG_WARN_BOOL_CONVERSION = YES;
				CLANG_WARN_CONSTANT_CONVERSION = YES;
				CLANG_WARN_DIRECT_OBJC_ISA_USAGE = YES_ERROR;
				CLANG_WARN_EMPTY_BODY = YES;
				CLANG_WARN_ENUM_CONVERSION = YES;
				CLANG_WARN_INT_CONVERSION = YES;
				CLANG_WARN_OBJC_ROOT_CLASS = YES_ERROR;
				CLANG_WARN_UNREACHABLE_CODE = YES;
				CLANG_WARN__DUPLICATE_METHOD_MATCH = YES;
				"CODE_SIGN_IDENTITY[sdk=iphoneos*]" = "iPhone Developer";
				COPY_PHASE_STRIP = NO;
				DEBUG_INFORMATION_FORMAT = dwarf;
				ENABLE_STRICT_OBJC_MSGSEND = YES;
				ENABLE_TESTABILITY = YES;
				GCC_C_LANGUAGE_STANDARD = gnu99;
				GCC_DYNAMIC_NO_PIC = NO;
				GCC_NO_COMMON_BLOCKS = YES;
				GCC_OPTIMIZATION_LEVEL = 0;
				GCC_PREPROCESSOR_DEFINITIONS = (
					"DEBUG=1",
					"$(inherited)",
				);
				GCC_WARN_64_TO_32_BIT_CONVERSION = YES;
				GCC_WARN_ABOUT_RETURN_TYPE = YES_ERROR;
				GCC_WARN_UNDECLARED_SELECTOR = YES;
				GCC_WARN_UNINITIALIZED_AUTOS = YES_AGGRESSIVE;
				GCC_WARN_UNUSED_FUNCTION = YES;
				GCC_WARN_UNUSED_VARIABLE = YES;
				IPHONEOS_DEPLOYMENT_TARGET = 9.0;
				MTL_ENABLE_DEBUG_INFO = YES;
				ONLY_ACTIVE_ARCH = YES;
				SDKROOT = iphoneos;
				SWIFT_OPTIMIZATION_LEVEL = "-Onone";
				TARGETED_DEVICE_FAMILY = "1,2";
			};
			name = Debug;
		};
		3F048EAF1B96AED500ADF5D2 /* Release */ = {
			isa = XCBuildConfiguration;
			buildSettings = {
				ALWAYS_SEARCH_USER_PATHS = NO;
				CLANG_CXX_LANGUAGE_STANDARD = "gnu++0x";
				CLANG_CXX_LIBRARY = "libc++";
				CLANG_ENABLE_MODULES = YES;
				CLANG_ENABLE_OBJC_ARC = YES;
				CLANG_WARN_BOOL_CONVERSION = YES;
				CLANG_WARN_CONSTANT_CONVERSION = YES;
				CLANG_WARN_DIRECT_OBJC_ISA_USAGE = YES_ERROR;
				CLANG_WARN_EMPTY_BODY = YES;
				CLANG_WARN_ENUM_CONVERSION = YES;
				CLANG_WARN_INT_CONVERSION = YES;
				CLANG_WARN_OBJC_ROOT_CLASS = YES_ERROR;
				CLANG_WARN_UNREACHABLE_CODE = YES;
				CLANG_WARN__DUPLICATE_METHOD_MATCH = YES;
				"CODE_SIGN_IDENTITY[sdk=iphoneos*]" = "iPhone Developer";
				COPY_PHASE_STRIP = NO;
				DEBUG_INFORMATION_FORMAT = "dwarf-with-dsym";
				ENABLE_NS_ASSERTIONS = NO;
				ENABLE_STRICT_OBJC_MSGSEND = YES;
				GCC_C_LANGUAGE_STANDARD = gnu99;
				GCC_NO_COMMON_BLOCKS = YES;
				GCC_WARN_64_TO_32_BIT_CONVERSION = YES;
				GCC_WARN_ABOUT_RETURN_TYPE = YES_ERROR;
				GCC_WARN_UNDECLARED_SELECTOR = YES;
				GCC_WARN_UNINITIALIZED_AUTOS = YES_AGGRESSIVE;
				GCC_WARN_UNUSED_FUNCTION = YES;
				GCC_WARN_UNUSED_VARIABLE = YES;
				IPHONEOS_DEPLOYMENT_TARGET = 9.0;
				MTL_ENABLE_DEBUG_INFO = NO;
				SDKROOT = iphoneos;
				TARGETED_DEVICE_FAMILY = "1,2";
				VALIDATE_PRODUCT = YES;
			};
			name = Release;
		};
		3F048EB11B96AED500ADF5D2 /* Debug */ = {
			isa = XCBuildConfiguration;
			buildSettings = {
				ASSETCATALOG_COMPILER_APPICON_NAME = AppIcon;
				ENABLE_BITCODE = NO;
				FRAMEWORK_SEARCH_PATHS = (
					"$(inherited)",
					"$(PROJECT_DIR)/Tensor",
				);
				INFOPLIST_FILE = Tensor/Info.plist;
				LD_RUNPATH_SEARCH_PATHS = "$(inherited) @executable_path/Frameworks";
				PRODUCT_BUNDLE_IDENTIFIER = com.nmelehan.Tensor;
				PRODUCT_NAME = "$(TARGET_NAME)";
				"SWIFT_OBJC_BRIDGING_HEADER[arch=*]" = "Tensor/Tensor-Bridging-Header.h";
			};
			name = Debug;
		};
		3F048EB21B96AED500ADF5D2 /* Release */ = {
			isa = XCBuildConfiguration;
			buildSettings = {
				ASSETCATALOG_COMPILER_APPICON_NAME = AppIcon;
				ENABLE_BITCODE = NO;
				FRAMEWORK_SEARCH_PATHS = (
					"$(inherited)",
					"$(PROJECT_DIR)/Tensor",
				);
				INFOPLIST_FILE = Tensor/Info.plist;
				LD_RUNPATH_SEARCH_PATHS = "$(inherited) @executable_path/Frameworks";
				PRODUCT_BUNDLE_IDENTIFIER = com.nmelehan.Tensor;
				PRODUCT_NAME = "$(TARGET_NAME)";
				"SWIFT_OBJC_BRIDGING_HEADER[arch=*]" = "Tensor/Tensor-Bridging-Header.h";
			};
			name = Release;
		};
		3F048EB41B96AED500ADF5D2 /* Debug */ = {
			isa = XCBuildConfiguration;
			buildSettings = {
				BUNDLE_LOADER = "$(TEST_HOST)";
				INFOPLIST_FILE = TensorTests/Info.plist;
				LD_RUNPATH_SEARCH_PATHS = "$(inherited) @executable_path/Frameworks @loader_path/Frameworks";
				PRODUCT_BUNDLE_IDENTIFIER = com.nmelehan.TensorTests;
				PRODUCT_NAME = "$(TARGET_NAME)";
				TEST_HOST = "$(BUILT_PRODUCTS_DIR)/Tensor.app/Tensor";
			};
			name = Debug;
		};
		3F048EB51B96AED500ADF5D2 /* Release */ = {
			isa = XCBuildConfiguration;
			buildSettings = {
				BUNDLE_LOADER = "$(TEST_HOST)";
				INFOPLIST_FILE = TensorTests/Info.plist;
				LD_RUNPATH_SEARCH_PATHS = "$(inherited) @executable_path/Frameworks @loader_path/Frameworks";
				PRODUCT_BUNDLE_IDENTIFIER = com.nmelehan.TensorTests;
				PRODUCT_NAME = "$(TARGET_NAME)";
				TEST_HOST = "$(BUILT_PRODUCTS_DIR)/Tensor.app/Tensor";
			};
			name = Release;
		};
		3F048EB71B96AED500ADF5D2 /* Debug */ = {
			isa = XCBuildConfiguration;
			buildSettings = {
				INFOPLIST_FILE = TensorUITests/Info.plist;
				LD_RUNPATH_SEARCH_PATHS = "$(inherited) @executable_path/Frameworks @loader_path/Frameworks";
				PRODUCT_BUNDLE_IDENTIFIER = com.nmelehan.TensorUITests;
				PRODUCT_NAME = "$(TARGET_NAME)";
				TEST_TARGET_NAME = Tensor;
				USES_XCTRUNNER = YES;
			};
			name = Debug;
		};
		3F048EB81B96AED500ADF5D2 /* Release */ = {
			isa = XCBuildConfiguration;
			buildSettings = {
				INFOPLIST_FILE = TensorUITests/Info.plist;
				LD_RUNPATH_SEARCH_PATHS = "$(inherited) @executable_path/Frameworks @loader_path/Frameworks";
				PRODUCT_BUNDLE_IDENTIFIER = com.nmelehan.TensorUITests;
				PRODUCT_NAME = "$(TARGET_NAME)";
				TEST_TARGET_NAME = Tensor;
				USES_XCTRUNNER = YES;
			};
			name = Release;
		};
/* End XCBuildConfiguration section */

/* Begin XCConfigurationList section */
		3F048E831B96AED500ADF5D2 /* Build configuration list for PBXProject "Tensor" */ = {
			isa = XCConfigurationList;
			buildConfigurations = (
				3F048EAE1B96AED500ADF5D2 /* Debug */,
				3F048EAF1B96AED500ADF5D2 /* Release */,
			);
			defaultConfigurationIsVisible = 0;
			defaultConfigurationName = Release;
		};
		3F048EB01B96AED500ADF5D2 /* Build configuration list for PBXNativeTarget "Tensor" */ = {
			isa = XCConfigurationList;
			buildConfigurations = (
				3F048EB11B96AED500ADF5D2 /* Debug */,
				3F048EB21B96AED500ADF5D2 /* Release */,
			);
			defaultConfigurationIsVisible = 0;
			defaultConfigurationName = Release;
		};
		3F048EB31B96AED500ADF5D2 /* Build configuration list for PBXNativeTarget "TensorTests" */ = {
			isa = XCConfigurationList;
			buildConfigurations = (
				3F048EB41B96AED500ADF5D2 /* Debug */,
				3F048EB51B96AED500ADF5D2 /* Release */,
			);
			defaultConfigurationIsVisible = 0;
			defaultConfigurationName = Release;
		};
		3F048EB61B96AED500ADF5D2 /* Build configuration list for PBXNativeTarget "TensorUITests" */ = {
			isa = XCConfigurationList;
			buildConfigurations = (
				3F048EB71B96AED500ADF5D2 /* Debug */,
				3F048EB81B96AED500ADF5D2 /* Release */,
			);
			defaultConfigurationIsVisible = 0;
			defaultConfigurationName = Release;
		};
/* End XCConfigurationList section */
	};
	rootObject = 3F048E801B96AED500ADF5D2 /* Project object */;
}
